
Microsoft Visual Studio Solution File, Format Version 12.00
# Visual Studio Version 17
VisualStudioVersion = 17.9.34728.123
MinimumVisualStudioVersion = 10.0.40219.1
Project("{FAE04EC0-301F-11D3-BF4B-00C04F79EFBC}") = "Homework_2_Chervenko", "Homework_2_Chervenko\Homework_2_Chervenko.csproj", "{FD6D198A-80A0-4E4C-A7E5-C59D003415D7}"
EndProject
Global
	GlobalSection(SolutionConfigurationPlatforms) = preSolution
		Debug|Any CPU = Debug|Any CPU
		Release|Any CPU = Release|Any CPU
	EndGlobalSection
	GlobalSection(ProjectConfigurationPlatforms) = postSolution
		{FD6D198A-80A0-4E4C-A7E5-C59D003415D7}.Debug|Any CPU.ActiveCfg = Debug|Any CPU
		{FD6D198A-80A0-4E4C-A7E5-C59D003415D7}.Debug|Any CPU.Build.0 = Debug|Any CPU
		{FD6D198A-80A0-4E4C-A7E5-C59D003415D7}.Release|Any CPU.ActiveCfg = Release|Any CPU
		{FD6D198A-80A0-4E4C-A7E5-C59D003415D7}.Release|Any CPU.Build.0 = Release|Any CPU
	EndGlobalSection
	GlobalSection(SolutionProperties) = preSolution
		HideSolutionNode = FALSE
	EndGlobalSection
	GlobalSection(ExtensibilityGlobals) = postSolution
		SolutionGuid = {ABB3D588-158B-49AE-9A97-CA0985EC84E5}
	EndGlobalSection
EndGlobal
