
Microsoft Visual Studio Solution File, Format Version 12.00
# Visual Studio Version 17
VisualStudioVersion = 17.9.34728.123
MinimumVisualStudioVersion = 10.0.40219.1
Project("{FAE04EC0-301F-11D3-BF4B-00C04F79EFBC}") = "Homework_1_Chervenko", "Homework_1_Chervenko\Homework_1_Chervenko.csproj", "{EB991886-9914-459B-88B7-0C7A2C1D6E09}"
EndProject
Global
	GlobalSection(SolutionConfigurationPlatforms) = preSolution
		Debug|Any CPU = Debug|Any CPU
		Release|Any CPU = Release|Any CPU
	EndGlobalSection
	GlobalSection(ProjectConfigurationPlatforms) = postSolution
		{EB991886-9914-459B-88B7-0C7A2C1D6E09}.Debug|Any CPU.ActiveCfg = Debug|Any CPU
		{EB991886-9914-459B-88B7-0C7A2C1D6E09}.Debug|Any CPU.Build.0 = Debug|Any CPU
		{EB991886-9914-459B-88B7-0C7A2C1D6E09}.Release|Any CPU.ActiveCfg = Release|Any CPU
		{EB991886-9914-459B-88B7-0C7A2C1D6E09}.Release|Any CPU.Build.0 = Release|Any CPU
	EndGlobalSection
	GlobalSection(SolutionProperties) = preSolution
		HideSolutionNode = FALSE
	EndGlobalSection
	GlobalSection(ExtensibilityGlobals) = postSolution
		SolutionGuid = {0F9C499B-C052-41DA-B28F-5E4CEE99D04B}
	EndGlobalSection
EndGlobal
